
Microsoft Visual Studio Solution File, Format Version 12.00
# Visual Studio 2012
Project("{F2A71F9B-5D33-465A-A702-920D77279786}") = "OwinFrankExample", "OwinFrankExample\OwinFrankExample.fsproj", "{DEF55674-3854-4A23-9F10-EF7FD009CD04}"
EndProject
Global
	GlobalSection(SolutionConfigurationPlatforms) = preSolution
		Debug|Any CPU = Debug|Any CPU
		Release|Any CPU = Release|Any CPU
	EndGlobalSection
	GlobalSection(ProjectConfigurationPlatforms) = postSolution
		{DEF55674-3854-4A23-9F10-EF7FD009CD04}.Debug|Any CPU.ActiveCfg = Debug|Any CPU
		{DEF55674-3854-4A23-9F10-EF7FD009CD04}.Debug|Any CPU.Build.0 = Debug|Any CPU
		{DEF55674-3854-4A23-9F10-EF7FD009CD04}.Release|Any CPU.ActiveCfg = Release|Any CPU
		{DEF55674-3854-4A23-9F10-EF7FD009CD04}.Release|Any CPU.Build.0 = Release|Any CPU
	EndGlobalSection
	GlobalSection(SolutionProperties) = preSolution
		HideSolutionNode = FALSE
	EndGlobalSection
EndGlobal
